
Microsoft Visual Studio Solution File, Format Version 12.00
# Visual Studio Version 17
VisualStudioVersion = 17.11.35327.3
MinimumVisualStudioVersion = 10.0.40219.1
Project("{FAE04EC0-301F-11D3-BF4B-00C04F79EFBC}") = "MyMiniPOS-Backend.RestApi", "MyMiniPOS-Backend.RestApi\MyMiniPOS-Backend.RestApi.csproj", "{B18E3FE7-30D8-4012-9E84-FE1B2DDAADFD}"
EndProject
Project("{FAE04EC0-301F-11D3-BF4B-00C04F79EFBC}") = "MyMiniPOS-Backend.FakeDataGenerator", "MyMiniPOS-Backend.FakeDataGenerator\MyMiniPOS-Backend.FakeDataGenerator.csproj", "{EBCB6756-1B37-4BC6-97A7-65AC95BBD485}"
EndProject
Project("{FAE04EC0-301F-11D3-BF4B-00C04F79EFBC}") = "MyMiniPOS-Backend.Database", "MyMiniPOS-Backend.Database\MyMiniPOS-Backend.Database.csproj", "{4BA13D55-A896-46BF-A102-7C4D6F0F7CD1}"
EndProject
Project("{FAE04EC0-301F-11D3-BF4B-00C04F79EFBC}") = "MyMiniPOS-Backend.Domain", "MyMiniPOS-Backend.Domain\MyMiniPOS-Backend.Domain.csproj", "{DEF8E2FC-F209-4409-9515-CBF726909F32}"
EndProject
Global
	GlobalSection(SolutionConfigurationPlatforms) = preSolution
		Debug|Any CPU = Debug|Any CPU
		Release|Any CPU = Release|Any CPU
	EndGlobalSection
	GlobalSection(ProjectConfigurationPlatforms) = postSolution
		{B18E3FE7-30D8-4012-9E84-FE1B2DDAADFD}.Debug|Any CPU.ActiveCfg = Debug|Any CPU
		{B18E3FE7-30D8-4012-9E84-FE1B2DDAADFD}.Debug|Any CPU.Build.0 = Debug|Any CPU
		{B18E3FE7-30D8-4012-9E84-FE1B2DDAADFD}.Release|Any CPU.ActiveCfg = Release|Any CPU
		{B18E3FE7-30D8-4012-9E84-FE1B2DDAADFD}.Release|Any CPU.Build.0 = Release|Any CPU
		{EBCB6756-1B37-4BC6-97A7-65AC95BBD485}.Debug|Any CPU.ActiveCfg = Debug|Any CPU
		{EBCB6756-1B37-4BC6-97A7-65AC95BBD485}.Debug|Any CPU.Build.0 = Debug|Any CPU
		{EBCB6756-1B37-4BC6-97A7-65AC95BBD485}.Release|Any CPU.ActiveCfg = Release|Any CPU
		{EBCB6756-1B37-4BC6-97A7-65AC95BBD485}.Release|Any CPU.Build.0 = Release|Any CPU
		{4BA13D55-A896-46BF-A102-7C4D6F0F7CD1}.Debug|Any CPU.ActiveCfg = Debug|Any CPU
		{4BA13D55-A896-46BF-A102-7C4D6F0F7CD1}.Debug|Any CPU.Build.0 = Debug|Any CPU
		{4BA13D55-A896-46BF-A102-7C4D6F0F7CD1}.Release|Any CPU.ActiveCfg = Release|Any CPU
		{4BA13D55-A896-46BF-A102-7C4D6F0F7CD1}.Release|Any CPU.Build.0 = Release|Any CPU
		{DEF8E2FC-F209-4409-9515-CBF726909F32}.Debug|Any CPU.ActiveCfg = Debug|Any CPU
		{DEF8E2FC-F209-4409-9515-CBF726909F32}.Debug|Any CPU.Build.0 = Debug|Any CPU
		{DEF8E2FC-F209-4409-9515-CBF726909F32}.Release|Any CPU.ActiveCfg = Release|Any CPU
		{DEF8E2FC-F209-4409-9515-CBF726909F32}.Release|Any CPU.Build.0 = Release|Any CPU
	EndGlobalSection
	GlobalSection(SolutionProperties) = preSolution
		HideSolutionNode = FALSE
	EndGlobalSection
	GlobalSection(ExtensibilityGlobals) = postSolution
		SolutionGuid = {047977B2-AD79-49E6-859A-707AF45FBD7C}
	EndGlobalSection
EndGlobal
